
Microsoft Visual Studio Solution File, Format Version 12.00
# Visual Studio 15
VisualStudioVersion = 15.0.28307.705
MinimumVisualStudioVersion = 10.0.40219.1
Project("{2150E333-8FDC-42A3-9474-1A3956D46DE8}") = "GRPC", "GRPC", "{4D6C73D4-6D0B-440B-B414-2F3FC9F24756}"
EndProject
Project("{2150E333-8FDC-42A3-9474-1A3956D46DE8}") = "XRPC", "XRPC", "{80F7B896-D6B7-4816-8FCE-184535E2D086}"
EndProject
Project("{9A19103F-16F7-4668-BE54-9A1E7A4F7556}") = "RPCBenchmark", "RPCBenchmark\RPCBenchmark.csproj", "{A73DCE43-C7D4-4669-81C7-379B1C8812D6}"
EndProject
Project("{9A19103F-16F7-4668-BE54-9A1E7A4F7556}") = "Greeter", "GRPC\Greeter\Greeter.csproj", "{2F85B2E4-1293-4253-8FD1-CAD222A5DEE4}"
EndProject
Project("{9A19103F-16F7-4668-BE54-9A1E7A4F7556}") = "GreeterServer", "GRPC\GreeterServer\GreeterServer.csproj", "{596DE643-DA7E-46AA-9CC4-C818D2D9CA26}"
EndProject
Project("{9A19103F-16F7-4668-BE54-9A1E7A4F7556}") = "XRPCModule", "XRPC\XRPCModule\XRPCModule.csproj", "{54238FFF-9352-4ABC-A195-0366E46B5FB0}"
EndProject
Project("{FAE04EC0-301F-11D3-BF4B-00C04F79EFBC}") = "XRPCServer", "XRPC\XRPCServer\XRPCServer.csproj", "{9FBA9B92-A094-4BA3-8826-442BFAE15D7E}"
EndProject
Global
	GlobalSection(SolutionConfigurationPlatforms) = preSolution
		Debug|Any CPU = Debug|Any CPU
		Release|Any CPU = Release|Any CPU
	EndGlobalSection
	GlobalSection(ProjectConfigurationPlatforms) = postSolution
		{A73DCE43-C7D4-4669-81C7-379B1C8812D6}.Debug|Any CPU.ActiveCfg = Debug|Any CPU
		{A73DCE43-C7D4-4669-81C7-379B1C8812D6}.Debug|Any CPU.Build.0 = Debug|Any CPU
		{A73DCE43-C7D4-4669-81C7-379B1C8812D6}.Release|Any CPU.ActiveCfg = Release|Any CPU
		{A73DCE43-C7D4-4669-81C7-379B1C8812D6}.Release|Any CPU.Build.0 = Release|Any CPU
		{2F85B2E4-1293-4253-8FD1-CAD222A5DEE4}.Debug|Any CPU.ActiveCfg = Debug|Any CPU
		{2F85B2E4-1293-4253-8FD1-CAD222A5DEE4}.Debug|Any CPU.Build.0 = Debug|Any CPU
		{2F85B2E4-1293-4253-8FD1-CAD222A5DEE4}.Release|Any CPU.ActiveCfg = Release|Any CPU
		{2F85B2E4-1293-4253-8FD1-CAD222A5DEE4}.Release|Any CPU.Build.0 = Release|Any CPU
		{596DE643-DA7E-46AA-9CC4-C818D2D9CA26}.Debug|Any CPU.ActiveCfg = Debug|Any CPU
		{596DE643-DA7E-46AA-9CC4-C818D2D9CA26}.Debug|Any CPU.Build.0 = Debug|Any CPU
		{596DE643-DA7E-46AA-9CC4-C818D2D9CA26}.Release|Any CPU.ActiveCfg = Release|Any CPU
		{596DE643-DA7E-46AA-9CC4-C818D2D9CA26}.Release|Any CPU.Build.0 = Release|Any CPU
		{54238FFF-9352-4ABC-A195-0366E46B5FB0}.Debug|Any CPU.ActiveCfg = Debug|Any CPU
		{54238FFF-9352-4ABC-A195-0366E46B5FB0}.Debug|Any CPU.Build.0 = Debug|Any CPU
		{54238FFF-9352-4ABC-A195-0366E46B5FB0}.Release|Any CPU.ActiveCfg = Release|Any CPU
		{54238FFF-9352-4ABC-A195-0366E46B5FB0}.Release|Any CPU.Build.0 = Release|Any CPU
		{9FBA9B92-A094-4BA3-8826-442BFAE15D7E}.Debug|Any CPU.ActiveCfg = Debug|Any CPU
		{9FBA9B92-A094-4BA3-8826-442BFAE15D7E}.Debug|Any CPU.Build.0 = Debug|Any CPU
		{9FBA9B92-A094-4BA3-8826-442BFAE15D7E}.Release|Any CPU.ActiveCfg = Release|Any CPU
		{9FBA9B92-A094-4BA3-8826-442BFAE15D7E}.Release|Any CPU.Build.0 = Release|Any CPU
	EndGlobalSection
	GlobalSection(SolutionProperties) = preSolution
		HideSolutionNode = FALSE
	EndGlobalSection
	GlobalSection(NestedProjects) = preSolution
		{2F85B2E4-1293-4253-8FD1-CAD222A5DEE4} = {80F7B896-D6B7-4816-8FCE-184535E2D086}
		{596DE643-DA7E-46AA-9CC4-C818D2D9CA26} = {80F7B896-D6B7-4816-8FCE-184535E2D086}
		{54238FFF-9352-4ABC-A195-0366E46B5FB0} = {4D6C73D4-6D0B-440B-B414-2F3FC9F24756}
		{9FBA9B92-A094-4BA3-8826-442BFAE15D7E} = {4D6C73D4-6D0B-440B-B414-2F3FC9F24756}
	EndGlobalSection
	GlobalSection(ExtensibilityGlobals) = postSolution
		SolutionGuid = {20F3CBCA-794C-4559-9E35-3022E8F867D0}
	EndGlobalSection
EndGlobal
